
Microsoft Visual Studio Solution File, Format Version 12.00
# Visual Studio Version 17
VisualStudioVersion = 17.8.34511.84
MinimumVisualStudioVersion = 10.0.40219.1
Project("{FAE04EC0-301F-11D3-BF4B-00C04F79EFBC}") = "User_Api", "User_Api.csproj", "{71641F04-0F39-442C-8856-4E0D6951D415}"
EndProject
Global
	GlobalSection(SolutionConfigurationPlatforms) = preSolution
		Debug|Any CPU = Debug|Any CPU
		Release|Any CPU = Release|Any CPU
	EndGlobalSection
	GlobalSection(ProjectConfigurationPlatforms) = postSolution
		{71641F04-0F39-442C-8856-4E0D6951D415}.Debug|Any CPU.ActiveCfg = Debug|Any CPU
		{71641F04-0F39-442C-8856-4E0D6951D415}.Debug|Any CPU.Build.0 = Debug|Any CPU
		{71641F04-0F39-442C-8856-4E0D6951D415}.Release|Any CPU.ActiveCfg = Release|Any CPU
		{71641F04-0F39-442C-8856-4E0D6951D415}.Release|Any CPU.Build.0 = Release|Any CPU
	EndGlobalSection
	GlobalSection(SolutionProperties) = preSolution
		HideSolutionNode = FALSE
	EndGlobalSection
	GlobalSection(ExtensibilityGlobals) = postSolution
		SolutionGuid = {97E07F0A-B2AB-4B5C-8319-0F34B84CB4EC}
	EndGlobalSection
EndGlobal
